
Microsoft Visual Studio Solution File, Format Version 12.00
# Visual Studio Version 17
VisualStudioVersion = 17.13.35931.197 d17.13
MinimumVisualStudioVersion = 10.0.40219.1
Project("{FAE04EC0-301F-11D3-BF4B-00C04F79EFBC}") = "TournamentTool", "TournamentTool\TournamentTool.csproj", "{995D329D-B3EC-48B0-9AC9-5DD7056DD68E}"
EndProject
Global
	GlobalSection(SolutionConfigurationPlatforms) = preSolution
		Debug|Any CPU = Debug|Any CPU
		Release|Any CPU = Release|Any CPU
	EndGlobalSection
	GlobalSection(ProjectConfigurationPlatforms) = postSolution
		{995D329D-B3EC-48B0-9AC9-5DD7056DD68E}.Debug|Any CPU.ActiveCfg = Debug|Any CPU
		{995D329D-B3EC-48B0-9AC9-5DD7056DD68E}.Debug|Any CPU.Build.0 = Debug|Any CPU
		{995D329D-B3EC-48B0-9AC9-5DD7056DD68E}.Release|Any CPU.ActiveCfg = Release|Any CPU
		{995D329D-B3EC-48B0-9AC9-5DD7056DD68E}.Release|Any CPU.Build.0 = Release|Any CPU
	EndGlobalSection
	GlobalSection(SolutionProperties) = preSolution
		HideSolutionNode = FALSE
	EndGlobalSection
	GlobalSection(ExtensibilityGlobals) = postSolution
		SolutionGuid = {B70AC8C9-E8BC-41B4-AC31-E0FCB9DCE2AD}
	EndGlobalSection
EndGlobal
